
Microsoft Visual Studio Solution File, Format Version 12.00
# Visual Studio Version 17
VisualStudioVersion = 17.4.33103.184
MinimumVisualStudioVersion = 10.0.40219.1
Project("{9A19103F-16F7-4668-BE54-9A1E7A4F7556}") = "Recruitment_Angels", "Recruitment_Angels.csproj", "{29F358A5-3454-4841-B664-AB99C1BC1E72}"
EndProject
Global
	GlobalSection(SolutionConfigurationPlatforms) = preSolution
		Debug|Any CPU = Debug|Any CPU
		Release|Any CPU = Release|Any CPU
	EndGlobalSection
	GlobalSection(ProjectConfigurationPlatforms) = postSolution
		{29F358A5-3454-4841-B664-AB99C1BC1E72}.Debug|Any CPU.ActiveCfg = Debug|Any CPU
		{29F358A5-3454-4841-B664-AB99C1BC1E72}.Debug|Any CPU.Build.0 = Debug|Any CPU
		{29F358A5-3454-4841-B664-AB99C1BC1E72}.Release|Any CPU.ActiveCfg = Release|Any CPU
		{29F358A5-3454-4841-B664-AB99C1BC1E72}.Release|Any CPU.Build.0 = Release|Any CPU
	EndGlobalSection
	GlobalSection(SolutionProperties) = preSolution
		HideSolutionNode = FALSE
	EndGlobalSection
	GlobalSection(ExtensibilityGlobals) = postSolution
		SolutionGuid = {5382BB79-D345-4271-AC05-22570F4AD152}
	EndGlobalSection
EndGlobal
